
Microsoft Visual Studio Solution File, Format Version 12.00
# Visual Studio 15
VisualStudioVersion = 15.0.27428.2037
MinimumVisualStudioVersion = 10.0.40219.1
Project("{FAE04EC0-301F-11D3-BF4B-00C04F79EFBC}") = "IPValidation", "IPValidation\IPValidation.csproj", "{68DB38CB-51BC-4B31-A1E9-B47970B95AE9}"
EndProject
Global
	GlobalSection(SolutionConfigurationPlatforms) = preSolution
		Debug|Any CPU = Debug|Any CPU
		Release|Any CPU = Release|Any CPU
	EndGlobalSection
	GlobalSection(ProjectConfigurationPlatforms) = postSolution
		{68DB38CB-51BC-4B31-A1E9-B47970B95AE9}.Debug|Any CPU.ActiveCfg = Debug|Any CPU
		{68DB38CB-51BC-4B31-A1E9-B47970B95AE9}.Debug|Any CPU.Build.0 = Debug|Any CPU
		{68DB38CB-51BC-4B31-A1E9-B47970B95AE9}.Release|Any CPU.ActiveCfg = Release|Any CPU
		{68DB38CB-51BC-4B31-A1E9-B47970B95AE9}.Release|Any CPU.Build.0 = Release|Any CPU
	EndGlobalSection
	GlobalSection(SolutionProperties) = preSolution
		HideSolutionNode = FALSE
	EndGlobalSection
	GlobalSection(ExtensibilityGlobals) = postSolution
		SolutionGuid = {586B1F94-EAC9-4D58-9126-53E7E20ABB47}
	EndGlobalSection
EndGlobal
